
Microsoft Visual Studio Solution File, Format Version 12.00
# Visual Studio Version 17
VisualStudioVersion = 17.8.34316.72
MinimumVisualStudioVersion = 10.0.40219.1
Project("{FAE04EC0-301F-11D3-BF4B-00C04F79EFBC}") = "G068OtoGaleriUygulamasi", "G068OtoGaleriUygulamasi\G068OtoGaleriUygulamasi.csproj", "{4223DD5D-9393-4AA4-8935-D1571D27C988}"
EndProject
Global
	GlobalSection(SolutionConfigurationPlatforms) = preSolution
		Debug|Any CPU = Debug|Any CPU
		Release|Any CPU = Release|Any CPU
	EndGlobalSection
	GlobalSection(ProjectConfigurationPlatforms) = postSolution
		{4223DD5D-9393-4AA4-8935-D1571D27C988}.Debug|Any CPU.ActiveCfg = Debug|Any CPU
		{4223DD5D-9393-4AA4-8935-D1571D27C988}.Debug|Any CPU.Build.0 = Debug|Any CPU
		{4223DD5D-9393-4AA4-8935-D1571D27C988}.Release|Any CPU.ActiveCfg = Release|Any CPU
		{4223DD5D-9393-4AA4-8935-D1571D27C988}.Release|Any CPU.Build.0 = Release|Any CPU
	EndGlobalSection
	GlobalSection(SolutionProperties) = preSolution
		HideSolutionNode = FALSE
	EndGlobalSection
	GlobalSection(ExtensibilityGlobals) = postSolution
		SolutionGuid = {4EC450E1-B6A9-4036-A2FD-11B7F66B52EB}
	EndGlobalSection
EndGlobal
